
Microsoft Visual Studio Solution File, Format Version 12.00
# Visual Studio 15
VisualStudioVersion = 15.0.27703.2042
MinimumVisualStudioVersion = 10.0.40219.1
Project("{9A19103F-16F7-4668-BE54-9A1E7A4F7556}") = "InventoryManagementAPI", "InventoryManagementAPI\InventoryManagementAPI.csproj", "{FFB72E89-E3F2-4CFB-81E9-D3A8F45FCEC9}"
EndProject
Project("{FAE04EC0-301F-11D3-BF4B-00C04F79EFBC}") = "InventoryManagementAPITests", "InventoryManagementAPITests\InventoryManagementAPITests.csproj", "{1C52FB3A-4FC6-4EA9-9243-09E16B397741}"
EndProject
Project("{FAE04EC0-301F-11D3-BF4B-00C04F79EFBC}") = "POSApplicationAPI", "POSApplicationAPI\POSApplicationAPI.csproj", "{22E83994-A354-4297-976E-9AEAF9E5A257}"
EndProject
Global
	GlobalSection(SolutionConfigurationPlatforms) = preSolution
		Debug|Any CPU = Debug|Any CPU
		Release|Any CPU = Release|Any CPU
	EndGlobalSection
	GlobalSection(ProjectConfigurationPlatforms) = postSolution
		{FFB72E89-E3F2-4CFB-81E9-D3A8F45FCEC9}.Debug|Any CPU.ActiveCfg = Debug|Any CPU
		{FFB72E89-E3F2-4CFB-81E9-D3A8F45FCEC9}.Debug|Any CPU.Build.0 = Debug|Any CPU
		{FFB72E89-E3F2-4CFB-81E9-D3A8F45FCEC9}.Release|Any CPU.ActiveCfg = Release|Any CPU
		{FFB72E89-E3F2-4CFB-81E9-D3A8F45FCEC9}.Release|Any CPU.Build.0 = Release|Any CPU
		{1C52FB3A-4FC6-4EA9-9243-09E16B397741}.Debug|Any CPU.ActiveCfg = Debug|Any CPU
		{1C52FB3A-4FC6-4EA9-9243-09E16B397741}.Debug|Any CPU.Build.0 = Debug|Any CPU
		{1C52FB3A-4FC6-4EA9-9243-09E16B397741}.Release|Any CPU.ActiveCfg = Release|Any CPU
		{1C52FB3A-4FC6-4EA9-9243-09E16B397741}.Release|Any CPU.Build.0 = Release|Any CPU
		{22E83994-A354-4297-976E-9AEAF9E5A257}.Debug|Any CPU.ActiveCfg = Debug|Any CPU
		{22E83994-A354-4297-976E-9AEAF9E5A257}.Debug|Any CPU.Build.0 = Debug|Any CPU
		{22E83994-A354-4297-976E-9AEAF9E5A257}.Release|Any CPU.ActiveCfg = Release|Any CPU
		{22E83994-A354-4297-976E-9AEAF9E5A257}.Release|Any CPU.Build.0 = Release|Any CPU
	EndGlobalSection
	GlobalSection(SolutionProperties) = preSolution
		HideSolutionNode = FALSE
	EndGlobalSection
	GlobalSection(ExtensibilityGlobals) = postSolution
		SolutionGuid = {F3B3DD05-98F0-4782-8FEA-AC3F28BE0F5A}
	EndGlobalSection
EndGlobal
